
Microsoft Visual Studio Solution File, Format Version 12.00
# Visual Studio Version 17
VisualStudioVersion = 17.8.34408.163
MinimumVisualStudioVersion = 10.0.40219.1
Project("{FAE04EC0-301F-11D3-BF4B-00C04F79EFBC}") = "Sessiz Harf", "Sessiz Harf.csproj", "{8B42EBF8-A963-4FB0-B572-33A8D7D5BB58}"
EndProject
Global
	GlobalSection(SolutionConfigurationPlatforms) = preSolution
		Debug|Any CPU = Debug|Any CPU
		Release|Any CPU = Release|Any CPU
	EndGlobalSection
	GlobalSection(ProjectConfigurationPlatforms) = postSolution
		{8B42EBF8-A963-4FB0-B572-33A8D7D5BB58}.Debug|Any CPU.ActiveCfg = Debug|Any CPU
		{8B42EBF8-A963-4FB0-B572-33A8D7D5BB58}.Debug|Any CPU.Build.0 = Debug|Any CPU
		{8B42EBF8-A963-4FB0-B572-33A8D7D5BB58}.Release|Any CPU.ActiveCfg = Release|Any CPU
		{8B42EBF8-A963-4FB0-B572-33A8D7D5BB58}.Release|Any CPU.Build.0 = Release|Any CPU
	EndGlobalSection
	GlobalSection(SolutionProperties) = preSolution
		HideSolutionNode = FALSE
	EndGlobalSection
	GlobalSection(ExtensibilityGlobals) = postSolution
		SolutionGuid = {83C52CD5-C4DA-48DC-9564-B8A8A4FD6469}
	EndGlobalSection
EndGlobal
