
Microsoft Visual Studio Solution File, Format Version 12.00
# Visual Studio Version 17
VisualStudioVersion = 17.8.34408.163
MinimumVisualStudioVersion = 10.0.40219.1
Project("{FAE04EC0-301F-11D3-BF4B-00C04F79EFBC}") = "Üçgen Çizme", "Üçgen Çizme.csproj", "{B6AD4B8F-21A5-4106-9624-59F196AB2705}"
EndProject
Global
	GlobalSection(SolutionConfigurationPlatforms) = preSolution
		Debug|Any CPU = Debug|Any CPU
		Release|Any CPU = Release|Any CPU
	EndGlobalSection
	GlobalSection(ProjectConfigurationPlatforms) = postSolution
		{B6AD4B8F-21A5-4106-9624-59F196AB2705}.Debug|Any CPU.ActiveCfg = Debug|Any CPU
		{B6AD4B8F-21A5-4106-9624-59F196AB2705}.Debug|Any CPU.Build.0 = Debug|Any CPU
		{B6AD4B8F-21A5-4106-9624-59F196AB2705}.Release|Any CPU.ActiveCfg = Release|Any CPU
		{B6AD4B8F-21A5-4106-9624-59F196AB2705}.Release|Any CPU.Build.0 = Release|Any CPU
	EndGlobalSection
	GlobalSection(SolutionProperties) = preSolution
		HideSolutionNode = FALSE
	EndGlobalSection
	GlobalSection(ExtensibilityGlobals) = postSolution
		SolutionGuid = {BD694E4F-ACFF-4CA3-85CA-4B069509819D}
	EndGlobalSection
EndGlobal
